# THIS IS AN AUTOGENERATED FILE. DO NOT EDIT THIS FILE DIRECTLY.
# yarn lockfile v1


"bootstrap@^5.0.0-beta2":
  "integrity" "sha512-e+uPbPHqTQWKyCX435uVlOmgH9tUt0xtjvyOC7knhKgOS643BrQKuTo+KecGpPV7qlmOyZgCfaM4xxPWtDEN/g=="
  "resolved" "https://registry.npmjs.org/bootstrap/-/bootstrap-5.0.0-beta2.tgz"
  "version" "5.0.0-beta2"
